// !$*UTF8*$!
{
	archiveVersion = 1;
	classes = {
	};
	objectVersion = 55;
	objects = {

/* Begin PBXBuildFile section */
		011942CF2819B05200489771 /* CocktailsApp.swift in Sources */ = {isa = PBXBuildFile; fileRef = 011942CE2819B05200489771 /* CocktailsApp.swift */; };
		011942D12819B05200489771 /* ContentView.swift in Sources */ = {isa = PBXBuildFile; fileRef = 011942D02819B05200489771 /* ContentView.swift */; };
		011942D32819B05400489771 /* Assets.xcassets in Resources */ = {isa = PBXBuildFile; fileRef = 011942D22819B05400489771 /* Assets.xcassets */; };
		011942D62819B05400489771 /* Preview Assets.xcassets in Resources */ = {isa = PBXBuildFile; fileRef = 011942D52819B05400489771 /* Preview Assets.xcassets */; };
		011942DD281C58E800489771 /* CocktailData.swift in Sources */ = {isa = PBXBuildFile; fileRef = 011942DC281C58E800489771 /* CocktailData.swift */; };
		011942DF281C5BE400489771 /* CocktailsDataFetcher.swift in Sources */ = {isa = PBXBuildFile; fileRef = 011942DE281C5BE400489771 /* CocktailsDataFetcher.swift */; };
		011942E1281C647800489771 /* JSONWorker.swift in Sources */ = {isa = PBXBuildFile; fileRef = 011942E0281C647800489771 /* JSONWorker.swift */; };
		017A89132832AE49001FF45B /* CocktailRowViewModel.swift in Sources */ = {isa = PBXBuildFile; fileRef = 017A89122832AE49001FF45B /* CocktailRowViewModel.swift */; };
		017A891828339854001FF45B /* CocktailDetailsView.swift in Sources */ = {isa = PBXBuildFile; fileRef = 017A891728339854001FF45B /* CocktailDetailsView.swift */; };
		017A891A283399EB001FF45B /* CocktailRowView.swift in Sources */ = {isa = PBXBuildFile; fileRef = 017A8919283399EA001FF45B /* CocktailRowView.swift */; };
		017A891D28339C06001FF45B /* CocktailDetailsViewModel.swift in Sources */ = {isa = PBXBuildFile; fileRef = 017A891C28339C06001FF45B /* CocktailDetailsViewModel.swift */; };
		019ED77A282E9BFE0052AE40 /* CocktailsListViewModel.swift in Sources */ = {isa = PBXBuildFile; fileRef = 019ED779282E9BFE0052AE40 /* CocktailsListViewModel.swift */; };
		019ED77D282E9CBC0052AE40 /* FavouriteCocktailsViewModel.swift in Sources */ = {isa = PBXBuildFile; fileRef = 019ED77C282E9CBC0052AE40 /* FavouriteCocktailsViewModel.swift */; };
		01F6ADB12822E33F0057DB1F /* RandomCocktailView.swift in Sources */ = {isa = PBXBuildFile; fileRef = 01F6ADB02822E33F0057DB1F /* RandomCocktailView.swift */; };
		01F6ADB32822E39F0057DB1F /* CocktailsListView.swift in Sources */ = {isa = PBXBuildFile; fileRef = 01F6ADB22822E39F0057DB1F /* CocktailsListView.swift */; };
		01F6ADB52822E3D30057DB1F /* FavouriteCocktailsView.swift in Sources */ = {isa = PBXBuildFile; fileRef = 01F6ADB42822E3D30057DB1F /* FavouriteCocktailsView.swift */; };
		01F6ADB82823FAA30057DB1F /* RandomCocktailViewModel.swift in Sources */ = {isa = PBXBuildFile; fileRef = 01F6ADB72823FAA30057DB1F /* RandomCocktailViewModel.swift */; };
/* End PBXBuildFile section */

/* Begin PBXFileReference section */
		011942CB2819B05200489771 /* Cocktails.app */ = {isa = PBXFileReference; explicitFileType = wrapper.application; includeInIndex = 0; path = Cocktails.app; sourceTree = BUILT_PRODUCTS_DIR; };
		011942CE2819B05200489771 /* CocktailsApp.swift */ = {isa = PBXFileReference; lastKnownFileType = sourcecode.swift; path = CocktailsApp.swift; sourceTree = "<group>"; };
		011942D02819B05200489771 /* ContentView.swift */ = {isa = PBXFileReference; lastKnownFileType = sourcecode.swift; path = ContentView.swift; sourceTree = "<group>"; };
		011942D22819B05400489771 /* Assets.xcassets */ = {isa = PBXFileReference; lastKnownFileType = folder.assetcatalog; path = Assets.xcassets; sourceTree = "<group>"; };
		011942D52819B05400489771 /* Preview Assets.xcassets */ = {isa = PBXFileReference; lastKnownFileType = folder.assetcatalog; path = "Preview Assets.xcassets"; sourceTree = "<group>"; };
		011942DC281C58E800489771 /* CocktailData.swift */ = {isa = PBXFileReference; lastKnownFileType = sourcecode.swift; path = CocktailData.swift; sourceTree = "<group>"; };
		011942DE281C5BE400489771 /* CocktailsDataFetcher.swift */ = {isa = PBXFileReference; lastKnownFileType = sourcecode.swift; path = CocktailsDataFetcher.swift; sourceTree = "<group>"; };
		011942E0281C647800489771 /* JSONWorker.swift */ = {isa = PBXFileReference; lastKnownFileType = sourcecode.swift; path = JSONWorker.swift; sourceTree = "<group>"; };
		017A89122832AE49001FF45B /* CocktailRowViewModel.swift */ = {isa = PBXFileReference; lastKnownFileType = sourcecode.swift; path = CocktailRowViewModel.swift; sourceTree = "<group>"; };
		017A891728339854001FF45B /* CocktailDetailsView.swift */ = {isa = PBXFileReference; lastKnownFileType = sourcecode.swift; path = CocktailDetailsView.swift; sourceTree = "<group>"; };
		017A8919283399EA001FF45B /* CocktailRowView.swift */ = {isa = PBXFileReference; lastKnownFileType = sourcecode.swift; path = CocktailRowView.swift; sourceTree = "<group>"; };
		017A891C28339C06001FF45B /* CocktailDetailsViewModel.swift */ = {isa = PBXFileReference; lastKnownFileType = sourcecode.swift; path = CocktailDetailsViewModel.swift; sourceTree = "<group>"; };
		019ED779282E9BFE0052AE40 /* CocktailsListViewModel.swift */ = {isa = PBXFileReference; lastKnownFileType = sourcecode.swift; path = CocktailsListViewModel.swift; sourceTree = "<group>"; };
		019ED77C282E9CBC0052AE40 /* FavouriteCocktailsViewModel.swift */ = {isa = PBXFileReference; lastKnownFileType = sourcecode.swift; path = FavouriteCocktailsViewModel.swift; sourceTree = "<group>"; };
		01F6ADB02822E33F0057DB1F /* RandomCocktailView.swift */ = {isa = PBXFileReference; lastKnownFileType = sourcecode.swift; path = RandomCocktailView.swift; sourceTree = "<group>"; };
		01F6ADB22822E39F0057DB1F /* CocktailsListView.swift */ = {isa = PBXFileReference; lastKnownFileType = sourcecode.swift; path = CocktailsListView.swift; sourceTree = "<group>"; };
		01F6ADB42822E3D30057DB1F /* FavouriteCocktailsView.swift */ = {isa = PBXFileReference; lastKnownFileType = sourcecode.swift; path = FavouriteCocktailsView.swift; sourceTree = "<group>"; };
		01F6ADB72823FAA30057DB1F /* RandomCocktailViewModel.swift */ = {isa = PBXFileReference; lastKnownFileType = sourcecode.swift; path = RandomCocktailViewModel.swift; sourceTree = "<group>"; };
/* End PBXFileReference section */

/* Begin PBXFrameworksBuildPhase section */
		011942C82819B05200489771 /* Frameworks */ = {
			isa = PBXFrameworksBuildPhase;
			buildActionMask = 2147483647;
			files = (
			);
			runOnlyForDeploymentPostprocessing = 0;
		};
/* End PBXFrameworksBuildPhase section */

/* Begin PBXGroup section */
		011942C22819B05200489771 = {
			isa = PBXGroup;
			children = (
				011942CD2819B05200489771 /* Cocktails */,
				011942CC2819B05200489771 /* Products */,
			);
			sourceTree = "<group>";
		};
		011942CC2819B05200489771 /* Products */ = {
			isa = PBXGroup;
			children = (
				011942CB2819B05200489771 /* Cocktails.app */,
			);
			name = Products;
			sourceTree = "<group>";
		};
		011942CD2819B05200489771 /* Cocktails */ = {
			isa = PBXGroup;
			children = (
				017A891428339807001FF45B /* CocktailDetails */,
				011942E228206A6500489771 /* Models */,
				011942E328206A7D00489771 /* Managers */,
				019ED77B282E9C9F0052AE40 /* FavouriteCocktails */,
				019ED778282E9BCD0052AE40 /* CocktailsList */,
				01F6ADB62823FA780057DB1F /* RandomCocktail */,
				011942CE2819B05200489771 /* CocktailsApp.swift */,
				011942D02819B05200489771 /* ContentView.swift */,
				011942D22819B05400489771 /* Assets.xcassets */,
				011942D42819B05400489771 /* Preview Content */,
			);
			path = Cocktails;
			sourceTree = "<group>";
		};
		011942D42819B05400489771 /* Preview Content */ = {
			isa = PBXGroup;
			children = (
				011942D52819B05400489771 /* Preview Assets.xcassets */,
			);
			path = "Preview Content";
			sourceTree = "<group>";
		};
		011942E228206A6500489771 /* Models */ = {
			isa = PBXGroup;
			children = (
				011942DC281C58E800489771 /* CocktailData.swift */,
			);
			name = Models;
			sourceTree = "<group>";
		};
		011942E328206A7D00489771 /* Managers */ = {
			isa = PBXGroup;
			children = (
				011942DE281C5BE400489771 /* CocktailsDataFetcher.swift */,
				011942E0281C647800489771 /* JSONWorker.swift */,
			);
			name = Managers;
			sourceTree = "<group>";
		};
		017A891428339807001FF45B /* CocktailDetails */ = {
			isa = PBXGroup;
			children = (
				017A891728339854001FF45B /* CocktailDetailsView.swift */,
				017A891C28339C06001FF45B /* CocktailDetailsViewModel.swift */,
			);
			name = CocktailDetails;
			sourceTree = "<group>";
		};
		017A891B28339A50001FF45B /* CocktailRow */ = {
			isa = PBXGroup;
			children = (
				017A89122832AE49001FF45B /* CocktailRowViewModel.swift */,
				017A8919283399EA001FF45B /* CocktailRowView.swift */,
			);
			name = CocktailRow;
			sourceTree = "<group>";
		};
		019ED778282E9BCD0052AE40 /* CocktailsList */ = {
			isa = PBXGroup;
			children = (
				017A891B28339A50001FF45B /* CocktailRow */,
				01F6ADB22822E39F0057DB1F /* CocktailsListView.swift */,
				019ED779282E9BFE0052AE40 /* CocktailsListViewModel.swift */,
			);
			name = CocktailsList;
			sourceTree = "<group>";
		};
		019ED77B282E9C9F0052AE40 /* FavouriteCocktails */ = {
			isa = PBXGroup;
			children = (
				01F6ADB42822E3D30057DB1F /* FavouriteCocktailsView.swift */,
				019ED77C282E9CBC0052AE40 /* FavouriteCocktailsViewModel.swift */,
			);
			name = FavouriteCocktails;
			sourceTree = "<group>";
		};
		01F6ADB62823FA780057DB1F /* RandomCocktail */ = {
			isa = PBXGroup;
			children = (
				01F6ADB02822E33F0057DB1F /* RandomCocktailView.swift */,
				01F6ADB72823FAA30057DB1F /* RandomCocktailViewModel.swift */,
			);
			name = RandomCocktail;
			sourceTree = "<group>";
		};
/* End PBXGroup section */

/* Begin PBXNativeTarget section */
		011942CA2819B05200489771 /* Cocktails */ = {
			isa = PBXNativeTarget;
			buildConfigurationList = 011942D92819B05400489771 /* Build configuration list for PBXNativeTarget "Cocktails" */;
			buildPhases = (
				011942C72819B05200489771 /* Sources */,
				011942C82819B05200489771 /* Frameworks */,
				011942C92819B05200489771 /* Resources */,
			);
			buildRules = (
			);
			dependencies = (
			);
			name = Cocktails;
			productName = Cocktails;
			productReference = 011942CB2819B05200489771 /* Cocktails.app */;
			productType = "com.apple.product-type.application";
		};
/* End PBXNativeTarget section */

/* Begin PBXProject section */
		011942C32819B05200489771 /* Project object */ = {
			isa = PBXProject;
			attributes = {
				BuildIndependentTargetsInParallel = 1;
				LastSwiftUpdateCheck = 1320;
				LastUpgradeCheck = 1320;
				TargetAttributes = {
					011942CA2819B05200489771 = {
						CreatedOnToolsVersion = 13.2.1;
					};
				};
			};
			buildConfigurationList = 011942C62819B05200489771 /* Build configuration list for PBXProject "Cocktails" */;
			compatibilityVersion = "Xcode 13.0";
			developmentRegion = en;
			hasScannedForEncodings = 0;
			knownRegions = (
				en,
				Base,
			);
			mainGroup = 011942C22819B05200489771;
			productRefGroup = 011942CC2819B05200489771 /* Products */;
			projectDirPath = "";
			projectRoot = "";
			targets = (
				011942CA2819B05200489771 /* Cocktails */,
			);
		};
/* End PBXProject section */

/* Begin PBXResourcesBuildPhase section */
		011942C92819B05200489771 /* Resources */ = {
			isa = PBXResourcesBuildPhase;
			buildActionMask = 2147483647;
			files = (
				011942D62819B05400489771 /* Preview Assets.xcassets in Resources */,
				011942D32819B05400489771 /* Assets.xcassets in Resources */,
			);
			runOnlyForDeploymentPostprocessing = 0;
		};
/* End PBXResourcesBuildPhase section */

/* Begin PBXSourcesBuildPhase section */
		011942C72819B05200489771 /* Sources */ = {
			isa = PBXSourcesBuildPhase;
			buildActionMask = 2147483647;
			files = (
				011942D12819B05200489771 /* ContentView.swift in Sources */,
				017A891D28339C06001FF45B /* CocktailDetailsViewModel.swift in Sources */,
				011942DF281C5BE400489771 /* CocktailsDataFetcher.swift in Sources */,
				011942CF2819B05200489771 /* CocktailsApp.swift in Sources */,
				017A89132832AE49001FF45B /* CocktailRowViewModel.swift in Sources */,
				011942E1281C647800489771 /* JSONWorker.swift in Sources */,
				017A891A283399EB001FF45B /* CocktailRowView.swift in Sources */,
				01F6ADB12822E33F0057DB1F /* RandomCocktailView.swift in Sources */,
				017A891828339854001FF45B /* CocktailDetailsView.swift in Sources */,
				01F6ADB52822E3D30057DB1F /* FavouriteCocktailsView.swift in Sources */,
				019ED77A282E9BFE0052AE40 /* CocktailsListViewModel.swift in Sources */,
				01F6ADB82823FAA30057DB1F /* RandomCocktailViewModel.swift in Sources */,
				019ED77D282E9CBC0052AE40 /* FavouriteCocktailsViewModel.swift in Sources */,
				01F6ADB32822E39F0057DB1F /* CocktailsListView.swift in Sources */,
				011942DD281C58E800489771 /* CocktailData.swift in Sources */,
			);
			runOnlyForDeploymentPostprocessing = 0;
		};
/* End PBXSourcesBuildPhase section */

/* Begin XCBuildConfiguration section */
		011942D72819B05400489771 /* Debug */ = {
			isa = XCBuildConfiguration;
			buildSettings = {
				ALWAYS_SEARCH_USER_PATHS = NO;
				CLANG_ANALYZER_NONNULL = YES;
				CLANG_ANALYZER_NUMBER_OBJECT_CONVERSION = YES_AGGRESSIVE;
				CLANG_CXX_LANGUAGE_STANDARD = "gnu++17";
				CLANG_CXX_LIBRARY = "libc++";
				CLANG_ENABLE_MODULES = YES;
				CLANG_ENABLE_OBJC_ARC = YES;
				CLANG_ENABLE_OBJC_WEAK = YES;
				CLANG_WARN_BLOCK_CAPTURE_AUTORELEASING = YES;
				CLANG_WARN_BOOL_CONVERSION = YES;
				CLANG_WARN_COMMA = YES;
				CLANG_WARN_CONSTANT_CONVERSION = YES;
				CLANG_WARN_DEPRECATED_OBJC_IMPLEMENTATIONS = YES;
				CLANG_WARN_DIRECT_OBJC_ISA_USAGE = YES_ERROR;
				CLANG_WARN_DOCUMENTATION_COMMENTS = YES;
				CLANG_WARN_EMPTY_BODY = YES;
				CLANG_WARN_ENUM_CONVERSION = YES;
				CLANG_WARN_INFINITE_RECURSION = YES;
				CLANG_WARN_INT_CONVERSION = YES;
				CLANG_WARN_NON_LITERAL_NULL_CONVERSION = YES;
				CLANG_WARN_OBJC_IMPLICIT_RETAIN_SELF = YES;
				CLANG_WARN_OBJC_LITERAL_CONVERSION = YES;
				CLANG_WARN_OBJC_ROOT_CLASS = YES_ERROR;
				CLANG_WARN_QUOTED_INCLUDE_IN_FRAMEWORK_HEADER = YES;
				CLANG_WARN_RANGE_LOOP_ANALYSIS = YES;
				CLANG_WARN_STRICT_PROTOTYPES = YES;
				CLANG_WARN_SUSPICIOUS_MOVE = YES;
				CLANG_WARN_UNGUARDED_AVAILABILITY = YES_AGGRESSIVE;
				CLANG_WARN_UNREACHABLE_CODE = YES;
				CLANG_WARN__DUPLICATE_METHOD_MATCH = YES;
				COPY_PHASE_STRIP = NO;
				DEBUG_INFORMATION_FORMAT = dwarf;
				ENABLE_STRICT_OBJC_MSGSEND = YES;
				ENABLE_TESTABILITY = YES;
				GCC_C_LANGUAGE_STANDARD = gnu11;
				GCC_DYNAMIC_NO_PIC = NO;
				GCC_NO_COMMON_BLOCKS = YES;
				GCC_OPTIMIZATION_LEVEL = 0;
				GCC_PREPROCESSOR_DEFINITIONS = (
					"DEBUG=1",
					"$(inherited)",
				);
				GCC_WARN_64_TO_32_BIT_CONVERSION = YES;
				GCC_WARN_ABOUT_RETURN_TYPE = YES_ERROR;
				GCC_WARN_UNDECLARED_SELECTOR = YES;
				GCC_WARN_UNINITIALIZED_AUTOS = YES_AGGRESSIVE;
				GCC_WARN_UNUSED_FUNCTION = YES;
				GCC_WARN_UNUSED_VARIABLE = YES;
				IPHONEOS_DEPLOYMENT_TARGET = 15.2;
				MTL_ENABLE_DEBUG_INFO = INCLUDE_SOURCE;
				MTL_FAST_MATH = YES;
				ONLY_ACTIVE_ARCH = YES;
				SDKROOT = iphoneos;
				SWIFT_ACTIVE_COMPILATION_CONDITIONS = DEBUG;
				SWIFT_OPTIMIZATION_LEVEL = "-Onone";
			};
			name = Debug;
		};
		011942D82819B05400489771 /* Release */ = {
			isa = XCBuildConfiguration;
			buildSettings = {
				ALWAYS_SEARCH_USER_PATHS = NO;
				CLANG_ANALYZER_NONNULL = YES;
				CLANG_ANALYZER_NUMBER_OBJECT_CONVERSION = YES_AGGRESSIVE;
				CLANG_CXX_LANGUAGE_STANDARD = "gnu++17";
				CLANG_CXX_LIBRARY = "libc++";
				CLANG_ENABLE_MODULES = YES;
				CLANG_ENABLE_OBJC_ARC = YES;
				CLANG_ENABLE_OBJC_WEAK = YES;
				CLANG_WARN_BLOCK_CAPTURE_AUTORELEASING = YES;
				CLANG_WARN_BOOL_CONVERSION = YES;
				CLANG_WARN_COMMA = YES;
				CLANG_WARN_CONSTANT_CONVERSION = YES;
				CLANG_WARN_DEPRECATED_OBJC_IMPLEMENTATIONS = YES;
				CLANG_WARN_DIRECT_OBJC_ISA_USAGE = YES_ERROR;
				CLANG_WARN_DOCUMENTATION_COMMENTS = YES;
				CLANG_WARN_EMPTY_BODY = YES;
				CLANG_WARN_ENUM_CONVERSION = YES;
				CLANG_WARN_INFINITE_RECURSION = YES;
				CLANG_WARN_INT_CONVERSION = YES;
				CLANG_WARN_NON_LITERAL_NULL_CONVERSION = YES;
				CLANG_WARN_OBJC_IMPLICIT_RETAIN_SELF = YES;
				CLANG_WARN_OBJC_LITERAL_CONVERSION = YES;
				CLANG_WARN_OBJC_ROOT_CLASS = YES_ERROR;
				CLANG_WARN_QUOTED_INCLUDE_IN_FRAMEWORK_HEADER = YES;
				CLANG_WARN_RANGE_LOOP_ANALYSIS = YES;
				CLANG_WARN_STRICT_PROTOTYPES = YES;
				CLANG_WARN_SUSPICIOUS_MOVE = YES;
				CLANG_WARN_UNGUARDED_AVAILABILITY = YES_AGGRESSIVE;
				CLANG_WARN_UNREACHABLE_CODE = YES;
				CLANG_WARN__DUPLICATE_METHOD_MATCH = YES;
				COPY_PHASE_STRIP = NO;
				DEBUG_INFORMATION_FORMAT = "dwarf-with-dsym";
				ENABLE_NS_ASSERTIONS = NO;
				ENABLE_STRICT_OBJC_MSGSEND = YES;
				GCC_C_LANGUAGE_STANDARD = gnu11;
				GCC_NO_COMMON_BLOCKS = YES;
				GCC_WARN_64_TO_32_BIT_CONVERSION = YES;
				GCC_WARN_ABOUT_RETURN_TYPE = YES_ERROR;
				GCC_WARN_UNDECLARED_SELECTOR = YES;
				GCC_WARN_UNINITIALIZED_AUTOS = YES_AGGRESSIVE;
				GCC_WARN_UNUSED_FUNCTION = YES;
				GCC_WARN_UNUSED_VARIABLE = YES;
				IPHONEOS_DEPLOYMENT_TARGET = 15.2;
				MTL_ENABLE_DEBUG_INFO = NO;
				MTL_FAST_MATH = YES;
				SDKROOT = iphoneos;
				SWIFT_COMPILATION_MODE = wholemodule;
				SWIFT_OPTIMIZATION_LEVEL = "-O";
				VALIDATE_PRODUCT = YES;
			};
			name = Release;
		};
		011942DA2819B05400489771 /* Debug */ = {
			isa = XCBuildConfiguration;
			buildSettings = {
				ASSETCATALOG_COMPILER_APPICON_NAME = AppIcon;
				ASSETCATALOG_COMPILER_GLOBAL_ACCENT_COLOR_NAME = AccentColor;
				CODE_SIGN_STYLE = Automatic;
				CURRENT_PROJECT_VERSION = 1;
				DEVELOPMENT_ASSET_PATHS = "\"Cocktails/Preview Content\"";
				DEVELOPMENT_TEAM = PWX29GY82U;
				ENABLE_PREVIEWS = YES;
				GENERATE_INFOPLIST_FILE = YES;
				INFOPLIST_KEY_UIApplicationSceneManifest_Generation = YES;
				INFOPLIST_KEY_UIApplicationSupportsIndirectInputEvents = YES;
				INFOPLIST_KEY_UILaunchScreen_Generation = YES;
				INFOPLIST_KEY_UISupportedInterfaceOrientations_iPad = "UIInterfaceOrientationPortrait UIInterfaceOrientationPortraitUpsideDown UIInterfaceOrientationLandscapeLeft UIInterfaceOrientationLandscapeRight";
				INFOPLIST_KEY_UISupportedInterfaceOrientations_iPhone = "UIInterfaceOrientationPortrait UIInterfaceOrientationLandscapeLeft UIInterfaceOrientationLandscapeRight";
				LD_RUNPATH_SEARCH_PATHS = (
					"$(inherited)",
					"@executable_path/Frameworks",
				);
				MARKETING_VERSION = 1.0;
				PRODUCT_BUNDLE_IDENTIFIER = ORGTest.Cocktails;
				PRODUCT_NAME = "$(TARGET_NAME)";
				SWIFT_EMIT_LOC_STRINGS = YES;
				SWIFT_VERSION = 5.0;
				TARGETED_DEVICE_FAMILY = "1,2";
			};
			name = Debug;
		};
		011942DB2819B05400489771 /* Release */ = {
			isa = XCBuildConfiguration;
			buildSettings = {
				ASSETCATALOG_COMPILER_APPICON_NAME = AppIcon;
				ASSETCATALOG_COMPILER_GLOBAL_ACCENT_COLOR_NAME = AccentColor;
				CODE_SIGN_STYLE = Automatic;
				CURRENT_PROJECT_VERSION = 1;
				DEVELOPMENT_ASSET_PATHS = "\"Cocktails/Preview Content\"";
				DEVELOPMENT_TEAM = PWX29GY82U;
				ENABLE_PREVIEWS = YES;
				GENERATE_INFOPLIST_FILE = YES;
				INFOPLIST_KEY_UIApplicationSceneManifest_Generation = YES;
				INFOPLIST_KEY_UIApplicationSupportsIndirectInputEvents = YES;
				INFOPLIST_KEY_UILaunchScreen_Generation = YES;
				INFOPLIST_KEY_UISupportedInterfaceOrientations_iPad = "UIInterfaceOrientationPortrait UIInterfaceOrientationPortraitUpsideDown UIInterfaceOrientationLandscapeLeft UIInterfaceOrientationLandscapeRight";
				INFOPLIST_KEY_UISupportedInterfaceOrientations_iPhone = "UIInterfaceOrientationPortrait UIInterfaceOrientationLandscapeLeft UIInterfaceOrientationLandscapeRight";
				LD_RUNPATH_SEARCH_PATHS = (
					"$(inherited)",
					"@executable_path/Frameworks",
				);
				MARKETING_VERSION = 1.0;
				PRODUCT_BUNDLE_IDENTIFIER = ORGTest.Cocktails;
				PRODUCT_NAME = "$(TARGET_NAME)";
				SWIFT_EMIT_LOC_STRINGS = YES;
				SWIFT_VERSION = 5.0;
				TARGETED_DEVICE_FAMILY = "1,2";
			};
			name = Release;
		};
/* End XCBuildConfiguration section */

/* Begin XCConfigurationList section */
		011942C62819B05200489771 /* Build configuration list for PBXProject "Cocktails" */ = {
			isa = XCConfigurationList;
			buildConfigurations = (
				011942D72819B05400489771 /* Debug */,
				011942D82819B05400489771 /* Release */,
			);
			defaultConfigurationIsVisible = 0;
			defaultConfigurationName = Release;
		};
		011942D92819B05400489771 /* Build configuration list for PBXNativeTarget "Cocktails" */ = {
			isa = XCConfigurationList;
			buildConfigurations = (
				011942DA2819B05400489771 /* Debug */,
				011942DB2819B05400489771 /* Release */,
			);
			defaultConfigurationIsVisible = 0;
			defaultConfigurationName = Release;
		};
/* End XCConfigurationList section */
	};
	rootObject = 011942C32819B05200489771 /* Project object */;
}
